
Microsoft Visual Studio Solution File, Format Version 12.00
# Visual Studio Version 17
VisualStudioVersion = 17.9.34728.123
MinimumVisualStudioVersion = 10.0.40219.1
Project("{FAE04EC0-301F-11D3-BF4B-00C04F79EFBC}") = "TP_MultiThread", "TP_MultiThread\TP_MultiThread.csproj", "{72507992-7619-43D2-A9B8-6CEFE5C94E27}"
EndProject
Global
	GlobalSection(SolutionConfigurationPlatforms) = preSolution
		Debug|Any CPU = Debug|Any CPU
		Release|Any CPU = Release|Any CPU
	EndGlobalSection
	GlobalSection(ProjectConfigurationPlatforms) = postSolution
		{72507992-7619-43D2-A9B8-6CEFE5C94E27}.Debug|Any CPU.ActiveCfg = Debug|Any CPU
		{72507992-7619-43D2-A9B8-6CEFE5C94E27}.Debug|Any CPU.Build.0 = Debug|Any CPU
		{72507992-7619-43D2-A9B8-6CEFE5C94E27}.Release|Any CPU.ActiveCfg = Release|Any CPU
		{72507992-7619-43D2-A9B8-6CEFE5C94E27}.Release|Any CPU.Build.0 = Release|Any CPU
	EndGlobalSection
	GlobalSection(SolutionProperties) = preSolution
		HideSolutionNode = FALSE
	EndGlobalSection
	GlobalSection(ExtensibilityGlobals) = postSolution
		SolutionGuid = {535E5FA6-828B-4E82-9A09-4995AE1733AF}
	EndGlobalSection
EndGlobal
